
Microsoft Visual Studio Solution File, Format Version 12.00
# Visual Studio Version 17
VisualStudioVersion = 17.2.32616.157
MinimumVisualStudioVersion = 10.0.40219.1
Project("{9A19103F-16F7-4668-BE54-9A1E7A4F7556}") = "Game", "Game.csproj", "{5C83CD51-BA22-4D93-A65E-15D83BB7412B}"
EndProject
Project("{2150E333-8FDC-42A3-9474-1A3956D46DE8}") = "Solution Items", "Solution Items", "{A6C51F1B-4D59-4056-8EAF-C2910453285B}"
	ProjectSection(SolutionItems) = preProject
		.editorconfig = .editorconfig
	EndProjectSection
EndProject
Global
	GlobalSection(SolutionConfigurationPlatforms) = preSolution
		Debug|Any CPU = Debug|Any CPU
		Release|Any CPU = Release|Any CPU
	EndGlobalSection
	GlobalSection(ProjectConfigurationPlatforms) = postSolution
		{5C83CD51-BA22-4D93-A65E-15D83BB7412B}.Debug|Any CPU.ActiveCfg = Debug|Any CPU
		{5C83CD51-BA22-4D93-A65E-15D83BB7412B}.Debug|Any CPU.Build.0 = Debug|Any CPU
		{5C83CD51-BA22-4D93-A65E-15D83BB7412B}.Release|Any CPU.ActiveCfg = Release|Any CPU
		{5C83CD51-BA22-4D93-A65E-15D83BB7412B}.Release|Any CPU.Build.0 = Release|Any CPU
	EndGlobalSection
	GlobalSection(SolutionProperties) = preSolution
		HideSolutionNode = FALSE
	EndGlobalSection
	GlobalSection(ExtensibilityGlobals) = postSolution
		SolutionGuid = {B205B753-264B-4FE7-AA32-482685DC0F8F}
	EndGlobalSection
EndGlobal
